{
  "name": "@blueprint-blocks/utility",
  "version": "0.1.8",
  "lockfileVersion": 1,
  "requires": true,
  "dependencies": {
    "classnames": {
      "version": "2.3.2",
      "resolved": "https://registry.npmjs.org/classnames/-/classnames-2.3.2.tgz",
      "integrity": "sha512-CSbhY4cFEJRe6/GQzIk5qXZ4Jeg5pcsP7b5peFSDpffpe1cqjASH/n9UTjBwOp6XpMSTwQ8Za2K5V02ueA7Tmw=="
    },
    "fsevents": {
      "version": "2.3.3",
      "resolved": "https://registry.npmjs.org/fsevents/-/fsevents-2.3.3.tgz",
      "integrity": "sha512-5xoDfX+fL7faATnagmWPpbFtwh/R77WmMMqqHGS65C3vvB0YHrgF+B1YmZ3441tMj5n63k0212XNoJwzlhffQw==",
      "dev": true,
      "optional": true
    },
    "micro-memoize": {
      "version": "4.1.2",
      "resolved": "https://registry.npmjs.org/micro-memoize/-/micro-memoize-4.1.2.tgz",
      "integrity": "sha512-+HzcV2H+rbSJzApgkj0NdTakkC+bnyeiUxgT6/m7mjcz1CmM22KYFKp+EVj1sWe4UYcnriJr5uqHQD/gMHLD+g=="
    },
    "rollup": {
      "version": "3.28.1",
      "resolved": "https://registry.npmjs.org/rollup/-/rollup-3.28.1.tgz",
      "integrity": "sha512-R9OMQmIHJm9znrU3m3cpE8uhN0fGdXiawME7aZIpQqvpS/85+Vt1Hq1/yVIcYfOmaQiHjvXkQAoJukvLpau6Yw==",
      "dev": true,
      "requires": {
        "fsevents": "~2.3.2"
      }
    }
  }
}
