{
  "name": "@blueprint-blocks/utility",
  "version": "23.2.0",
  "lockfileVersion": 1,
  "requires": true,
  "dependencies": {
    "classnames": {
      "version": "2.3.2",
      "resolved": "https://registry.npmjs.org/classnames/-/classnames-2.3.2.tgz",
      "integrity": "sha512-CSbhY4cFEJRe6/GQzIk5qXZ4Jeg5pcsP7b5peFSDpffpe1cqjASH/n9UTjBwOp6XpMSTwQ8Za2K5V02ueA7Tmw=="
    },
    "micro-memoize": {
      "version": "4.0.14",
      "resolved": "https://registry.npmjs.org/micro-memoize/-/micro-memoize-4.0.14.tgz",
      "integrity": "sha512-2tzWP1w2Hh+r7kCYa4f//jpBEA6dAueiuLco38NxfjF9Py3KCCI7wVOTdCvOhmTC043t+ulclVBdl3v+s+UJIQ=="
    }
  }
}
